
Microsoft Visual Studio Solution File, Format Version 12.00
# Visual Studio Version 16
VisualStudioVersion = 16.0.30523.141
MinimumVisualStudioVersion = 10.0.40219.1
Project("{FAE04EC0-301F-11D3-BF4B-00C04F79EFBC}") = "ProjectStep8", "ProjectStep8\ProjectStep8.csproj", "{E968A670-5A77-4DAA-BE98-52D4B7085ACB}"
EndProject
Global
	GlobalSection(SolutionConfigurationPlatforms) = preSolution
		Debug|Any CPU = Debug|Any CPU
		Release|Any CPU = Release|Any CPU
	EndGlobalSection
	GlobalSection(ProjectConfigurationPlatforms) = postSolution
		{E968A670-5A77-4DAA-BE98-52D4B7085ACB}.Debug|Any CPU.ActiveCfg = Debug|Any CPU
		{E968A670-5A77-4DAA-BE98-52D4B7085ACB}.Debug|Any CPU.Build.0 = Debug|Any CPU
		{E968A670-5A77-4DAA-BE98-52D4B7085ACB}.Release|Any CPU.ActiveCfg = Release|Any CPU
		{E968A670-5A77-4DAA-BE98-52D4B7085ACB}.Release|Any CPU.Build.0 = Release|Any CPU
	EndGlobalSection
	GlobalSection(SolutionProperties) = preSolution
		HideSolutionNode = FALSE
	EndGlobalSection
	GlobalSection(ExtensibilityGlobals) = postSolution
		SolutionGuid = {845E3500-91F4-4BB5-A208-E4FB3078DA41}
	EndGlobalSection
EndGlobal
